{
  "projects": [
    {
      "projectId": "etJvkmnv36msier2xQhWQ3",
      "version": "latest",
      "dependencies": {},
      "lang": "ts",
      "fileLocks": [
        {
          "type": "globalVariant",
          "assetId": "V9iufRRxwlF8",
          "checksum": "371cd626f4d317cf707aada563b3194b"
        },
        {
          "assetId": "etJvkmnv36msier2xQhWQ3",
          "type": "projectCss",
          "checksum": "eb99db075f075b343058f8b0f895dfb8"
        },
        {
          "type": "renderModule",
          "assetId": "fUH6jU4ouacZ",
          "checksum": "08c04b0e02ef96f1fd0571af26e6e68e"
        },
        {
          "type": "cssRules",
          "assetId": "fUH6jU4ouacZ",
          "checksum": "08c04b0e02ef96f1fd0571af26e6e68e"
        },
        {
          "type": "renderModule",
          "assetId": "1hR0l1lwjdIk",
          "checksum": "2d64370a8dda9e75d5ebac568ac56511"
        },
        {
          "type": "cssRules",
          "assetId": "1hR0l1lwjdIk",
          "checksum": "2d64370a8dda9e75d5ebac568ac56511"
        },
        {
          "type": "renderModule",
          "assetId": "KVD776hCudP-",
          "checksum": "c1cc1f44ffd325f9f7968a96c6db2c6e"
        },
        {
          "type": "cssRules",
          "assetId": "KVD776hCudP-",
          "checksum": "c1cc1f44ffd325f9f7968a96c6db2c6e"
        },
        {
          "type": "renderModule",
          "assetId": "ciXHcf7Mug-R",
          "checksum": "f3ffdc4240d60011b40a275bf817c3a3"
        },
        {
          "type": "cssRules",
          "assetId": "ciXHcf7Mug-R",
          "checksum": "f3ffdc4240d60011b40a275bf817c3a3"
        },
        {
          "type": "renderModule",
          "assetId": "LmVK5zTCvsL_",
          "checksum": "4e91549d946b29a1c3703b1f11864350"
        },
        {
          "type": "cssRules",
          "assetId": "LmVK5zTCvsL_",
          "checksum": "4e91549d946b29a1c3703b1f11864350"
        },
        {
          "type": "renderModule",
          "assetId": "LgMj81PwygFE",
          "checksum": "668ad454df33a1870fb38289bfc2af18"
        },
        {
          "type": "cssRules",
          "assetId": "LgMj81PwygFE",
          "checksum": "668ad454df33a1870fb38289bfc2af18"
        },
        {
          "type": "renderModule",
          "assetId": "rYaQdzsZREL5",
          "checksum": "49246bf69f8eb2dea1cf2043836d9fdb"
        },
        {
          "type": "cssRules",
          "assetId": "rYaQdzsZREL5",
          "checksum": "49246bf69f8eb2dea1cf2043836d9fdb"
        },
        {
          "type": "renderModule",
          "assetId": "NkynSwCQnVIc",
          "checksum": "c3f4c6c32446434b8be42f4e8dc994c5"
        },
        {
          "type": "cssRules",
          "assetId": "NkynSwCQnVIc",
          "checksum": "c3f4c6c32446434b8be42f4e8dc994c5"
        },
        {
          "type": "renderModule",
          "assetId": "bFphfBWM6pMm",
          "checksum": "8b8dd1399006384a6393244792a9f684"
        },
        {
          "type": "cssRules",
          "assetId": "bFphfBWM6pMm",
          "checksum": "8b8dd1399006384a6393244792a9f684"
        },
        {
          "type": "renderModule",
          "assetId": "Cm-CggCqeV8Z",
          "checksum": "324348d93b0660804394a03c00d67f2c"
        },
        {
          "type": "cssRules",
          "assetId": "Cm-CggCqeV8Z",
          "checksum": "324348d93b0660804394a03c00d67f2c"
        },
        {
          "type": "renderModule",
          "assetId": "B-nfN88XWhcJ",
          "checksum": "e40d039a0ffb5481acb7df44aeb26692"
        },
        {
          "type": "cssRules",
          "assetId": "B-nfN88XWhcJ",
          "checksum": "e40d039a0ffb5481acb7df44aeb26692"
        },
        {
          "type": "renderModule",
          "assetId": "i2VfETCgrQHB",
          "checksum": "d069678de0f22ced3503556ae3e798a3"
        },
        {
          "type": "cssRules",
          "assetId": "i2VfETCgrQHB",
          "checksum": "d069678de0f22ced3503556ae3e798a3"
        },
        {
          "type": "renderModule",
          "assetId": "GNKMCOKKJJK0",
          "checksum": "45d80fe029b1fb4e03a7dbe740b2575c"
        },
        {
          "type": "cssRules",
          "assetId": "GNKMCOKKJJK0",
          "checksum": "45d80fe029b1fb4e03a7dbe740b2575c"
        },
        {
          "type": "icon",
          "assetId": "kkx5gxuVhJSS",
          "checksum": "79da40ec805a3ee6bdd0854373c04456"
        },
        {
          "type": "icon",
          "assetId": "lUWcCDoz-xX_",
          "checksum": "6a1376e44238060b78347cea16c2bfa8"
        },
        {
          "type": "icon",
          "assetId": "mGGQg1HZgWHQ",
          "checksum": "72587abba7adcb87ddf1ddbd0d3fc470"
        },
        {
          "type": "icon",
          "assetId": "QhRJwZQ9Uex6",
          "checksum": "48f4637a39244dafcd0e9730f519524e"
        },
        {
          "type": "icon",
          "assetId": "0FEp_bc1Y7LV",
          "checksum": "9d9c48ea81a04010b9e92c9782d43bde"
        },
        {
          "type": "icon",
          "assetId": "ZRDwNgIdS-_K",
          "checksum": "03778b78a849c28905bd02700150216b"
        },
        {
          "type": "icon",
          "assetId": "V5CravIuw_Oo",
          "checksum": "887daf431dd593c87bb75ebd5f1b1c05"
        },
        {
          "type": "icon",
          "assetId": "SeJrgOCrTuri",
          "checksum": "5c19906292f2dd7068d86ae324d86e2d"
        },
        {
          "type": "icon",
          "assetId": "BSqiHEkTMNtn",
          "checksum": "08aa484c8e4449511bb84219ebd1d010"
        },
        {
          "type": "icon",
          "assetId": "Da0UkF40ObKp",
          "checksum": "68cd56bde3ea4e68d224050bb16307b1"
        },
        {
          "type": "icon",
          "assetId": "M-nA4TGwNdyz",
          "checksum": "2cf5bb33f06133fb8a4e0d3c75f6c1af"
        },
        {
          "type": "icon",
          "assetId": "Nmw3f96hGio7",
          "checksum": "285d77a62093c928d64da310864388fa"
        },
        {
          "type": "icon",
          "assetId": "OP-LYkishzNa",
          "checksum": "d12a69e88c06a66af8d731dfe71b4a2f"
        },
        {
          "type": "icon",
          "assetId": "yPZS2WIYdIlV",
          "checksum": "80f7581f677143e3b0892b0fbb2903d4"
        },
        {
          "type": "icon",
          "assetId": "rlP3GZ8ODvBA",
          "checksum": "8c42c30f8f43a1db40f014ad7829a325"
        },
        {
          "type": "icon",
          "assetId": "QCzk6sTNbKRG",
          "checksum": "c9777842798a0681624c86ef08efed9d"
        },
        {
          "type": "icon",
          "assetId": "0DCK6geRACeI",
          "checksum": "d7d05d1b9a5b573d350ad39f463cbc8b"
        },
        {
          "type": "icon",
          "assetId": "BrOngaNtV7zg",
          "checksum": "9613ad98a2189e7656a7941ea3c5229b"
        },
        {
          "type": "icon",
          "assetId": "C-dek0utHtLq",
          "checksum": "930809dd2e106b4b5b96c4033e293ff9"
        },
        {
          "type": "image",
          "assetId": "bUX30lqQ9o8f",
          "checksum": "a4ae079a9f58f938d93694e09a62b29f"
        },
        {
          "type": "image",
          "assetId": "lw1cA_frJ9O_",
          "checksum": "14f0bf503d48f580318c057e1bd26040"
        },
        {
          "type": "image",
          "assetId": "a_DZExNRDUzE",
          "checksum": "6ff2e8086af316e1c216e2d5779c0a97"
        },
        {
          "type": "image",
          "assetId": "ipmt77dCrDsM",
          "checksum": "edfb6f380da1a6225a067277c00e310f"
        },
        {
          "type": "image",
          "assetId": "EJWQIbvBpgLn",
          "checksum": "52ab9e603893e96fe05c3ab632491bba"
        },
        {
          "type": "image",
          "assetId": "VHIkRGOVw9-r",
          "checksum": "1b703642b05eaee1d4abf27a6b4a5602"
        },
        {
          "type": "image",
          "assetId": "jh65MibwBh0g",
          "checksum": "ef2bb916ddf7423906c6cc76428cacd2"
        },
        {
          "type": "image",
          "assetId": "kclTkQ3YLlNl",
          "checksum": "58f83e5b1193ecf96de269bf3f9e7e4e"
        },
        {
          "type": "image",
          "assetId": "HJdUHdq-dA5e",
          "checksum": "5dc360af0fbce5268848d7b523d1c832"
        },
        {
          "type": "image",
          "assetId": "yCMwL_gqTHhb",
          "checksum": "dbe7ef9b13412eb757dc10fe6f02dad3"
        },
        {
          "type": "image",
          "assetId": "TFcYCkeenLea",
          "checksum": "4cb4cd0813c3a3378f0baac3e2e1bbae"
        },
        {
          "type": "image",
          "assetId": "LbO3lpxEdsHM",
          "checksum": "2a1047fea957bf00e5890e370f46d562"
        },
        {
          "type": "image",
          "assetId": "QK9bCZ5bfVOC",
          "checksum": "37eb55d51ed123f93ac333cb1a87db0c"
        },
        {
          "type": "image",
          "assetId": "ALXuHqWLA2aw",
          "checksum": "d07793e5fb9f38a762b2911c134d94f3"
        },
        {
          "type": "image",
          "assetId": "XLUxllQjcqE_",
          "checksum": "92b6c8e9aff92723601808f30491c65f"
        },
        {
          "type": "image",
          "assetId": "-b94aXy_Pdzo",
          "checksum": "ec36447a20a5895a00c2d9c6e4c6bfbd"
        },
        {
          "type": "image",
          "assetId": "k6A3lHae-vOr",
          "checksum": "e9121f8410c7bcb25e72122629dd39dd"
        },
        {
          "type": "image",
          "assetId": "HT_TSZ6mESMo",
          "checksum": "86cf850ca7861d56a74f9c8e37c831e4"
        },
        {
          "type": "image",
          "assetId": "eUoYj7S2CiDF",
          "checksum": "c33d9341334b3d7d4225fb3604b1bbcb"
        },
        {
          "type": "image",
          "assetId": "ilETAYsdRugv",
          "checksum": "4b2477a9ebac3498a33d1ada9ab17ee1"
        },
        {
          "type": "image",
          "assetId": "S_UYAzG49J3N",
          "checksum": "0767759396751ab97ed470f1ca26cb62"
        },
        {
          "type": "image",
          "assetId": "vvEjKQso6XBR",
          "checksum": "170d6e6202bafdb20b61ae80578b39d0"
        },
        {
          "type": "image",
          "assetId": "RPnaXEF2lrHI",
          "checksum": "d11ac95e5f5f6cf18b80937ae27fb83d"
        },
        {
          "type": "image",
          "assetId": "f69Z8cV_ttX_",
          "checksum": "091bd7a1fd3d5bd9dbe793d1447ddd98"
        },
        {
          "type": "image",
          "assetId": "qbYfrrN9nfj5",
          "checksum": "ba6e15c2246092f538f355e1e68f0804"
        },
        {
          "type": "image",
          "assetId": "8DN1h8V-Fvc7",
          "checksum": "73f69cd2fe2313f1824f7b57b0d5f22c"
        },
        {
          "type": "image",
          "assetId": "1QSf2y4UEWHU",
          "checksum": "f9495cb89bd7df56f78be5a5fbe3284d"
        },
        {
          "type": "image",
          "assetId": "9bBPD93ksYwK",
          "checksum": "4d5c0c710e1153495f82e01a548bbae3"
        },
        {
          "type": "image",
          "assetId": "jfnqdOFPUiPm",
          "checksum": "6bbf73873640dbee210e9a9bc25050c1"
        },
        {
          "type": "image",
          "assetId": "Mn6UVq3VyYuM",
          "checksum": "fdb79b7e341b0258c0e26a11b6aa3c69"
        },
        {
          "type": "image",
          "assetId": "Hw-sgAaC4_QW",
          "checksum": "ecf848b06eda4cfcdd234a2a5d481e54"
        },
        {
          "type": "image",
          "assetId": "nm33mtRC-q9X",
          "checksum": "10c5962186bd6c35cceaa351bd16923e"
        },
        {
          "type": "image",
          "assetId": "7fLy0jAJ8uRJ",
          "checksum": "4221e543b6820311d36a84ebabf4ee16"
        },
        {
          "type": "image",
          "assetId": "4dnCTMNj-OQ7",
          "checksum": "6c4af3bf75e39b49c2d31b5821d15c63"
        },
        {
          "type": "image",
          "assetId": "YECxijeDLFIn",
          "checksum": "60f4504cde974e0f5d081a0ea817022b"
        },
        {
          "type": "image",
          "assetId": "IySbGG3nyLH_",
          "checksum": "fffb8d2f0ba4bcd4150b95895e3e40e8"
        },
        {
          "type": "image",
          "assetId": "3kCK04aB_25u",
          "checksum": "c4d86131d918d83fca3aaf03a24b04c6"
        },
        {
          "type": "image",
          "assetId": "gchPLkOSAN40",
          "checksum": "c6270fbd07f685f5ed366cff23022045"
        },
        {
          "type": "image",
          "assetId": "GXyZgdT9SQe5",
          "checksum": "25e2b197897ff0bade4db0cc7813ce0d"
        },
        {
          "type": "image",
          "assetId": "IbbpUweNUYVk",
          "checksum": "d9eac2192ac82f2ba3ae76855671585f"
        },
        {
          "type": "image",
          "assetId": "UpOkuEUiqHLI",
          "checksum": "0b864038e04f49a792720688c161ac94"
        },
        {
          "type": "image",
          "assetId": "3qKp3brXUXCm",
          "checksum": "9befbb14a16843dd51cdcbe941ad95d7"
        },
        {
          "type": "image",
          "assetId": "J_TUNQP-vIpt",
          "checksum": "95eb31df3b3cd4bbfdc852445eab132f"
        },
        {
          "type": "image",
          "assetId": "LfhCOpDYkya9",
          "checksum": "4c6e614d51712bc28a6ae45fecbc19cb"
        },
        {
          "type": "image",
          "assetId": "uTC1X3n1xccw",
          "checksum": "eb39534d398f5190b8a696d68cfca346"
        },
        {
          "type": "image",
          "assetId": "PzNxxfIoWU30",
          "checksum": "262de5f18de748c8fe5fd59158491346"
        },
        {
          "type": "image",
          "assetId": "OlYZ2Z_UkA8H",
          "checksum": "4fd909cec32458c1370b997b55b86d57"
        },
        {
          "type": "image",
          "assetId": "r9ID4Johky5a",
          "checksum": "eba8cfd62f5e52b0c815e56019531956"
        },
        {
          "type": "image",
          "assetId": "5nLjRM8Zwisf",
          "checksum": "be06f4315c9671ffffa477b25a0e5957"
        },
        {
          "type": "image",
          "assetId": "SJZV1HXr8AGC",
          "checksum": "edadf9b07f73f676d6f5d5290d3580a8"
        },
        {
          "type": "image",
          "assetId": "8QblIXFoneuf",
          "checksum": "062db44c8bfea35bca4d4ac79e376df6"
        },
        {
          "type": "image",
          "assetId": "ojUiVK8xeHo3",
          "checksum": "b7611cdb3ea5751240952ea62d873141"
        },
        {
          "type": "image",
          "assetId": "ACd4qkA4v0Hq",
          "checksum": "e4f4b20029e5cfed3adb37040e9585ee"
        },
        {
          "type": "image",
          "assetId": "2KfSGgUsPylt",
          "checksum": "6396b89a8843c2cf3a9df57bdb0fa9c7"
        },
        {
          "type": "image",
          "assetId": "7SiO-35XMcJN",
          "checksum": "4fbba14fe58b87f38182d80ee6878a07"
        },
        {
          "type": "image",
          "assetId": "SCb5NFQNt2I9",
          "checksum": "87bf5eac4a0a97c61189d71306e5766c"
        },
        {
          "type": "image",
          "assetId": "QbcEBsVNjoEV",
          "checksum": "f939fac2563ebd7cc149d06978aea878"
        },
        {
          "type": "image",
          "assetId": "ZQ-d31Uo2niO",
          "checksum": "101bcd6fca2f6d7a7cd1a7cfae8850ba"
        },
        {
          "type": "image",
          "assetId": "9bo7GEssILRr",
          "checksum": "84bdefadff94f27bb55c66b4fe5212a8"
        },
        {
          "type": "image",
          "assetId": "gXACEuSEooZ2",
          "checksum": "c1149b164771cf7b830be68578514592"
        },
        {
          "type": "image",
          "assetId": "wDFInsaC9h9g",
          "checksum": "7fa6fb308a73cc33f5575b56ea02c310"
        },
        {
          "type": "image",
          "assetId": "AMa4PkoFi4ZP",
          "checksum": "9da9461e402ab8c1c04da31abc640338"
        }
      ],
      "codegenVersion": "0.0.1"
    }
  ],
  "cliVersion": "0.1.327"
}
